lockfileVersion: '9.0'

settings:
  autoInstallPeers: true
  excludeLinksFromLockfile: false

importers:

  .:
    devDependencies:
      '@types/aws-lambda':
        specifier: ^8.10.92
        version: 8.10.145

packages:

  '@types/aws-lambda@8.10.145':
    resolution: {integrity: sha512-dtByW6WiFk5W5Jfgz1VM+YPA21xMXTuSFoLYIDY0L44jDLLflVPtZkYuu3/YxpGcvjzKFBZLU+GyKjR0HOYtyw==}

snapshots:

  '@types/aws-lambda@8.10.145': {}
